// !$*UTF8*$!
{
	archiveVersion = 1;
	classes = {
	};
	objectVersion = 50;
	objects = {

/* Begin PBXBuildFile section */
		9631BB89653BABB40BD246E4 /* libPods-GhibliMovies.a in Frameworks */ = {isa = PBXBuildFile; fileRef = 20C3F8F6B996588AC1B765B6 /* libPods-GhibliMovies.a */; };
		C25FF29525B8E13F00FFDCB7 /* movieViewController.swift in Sources */ = {isa = PBXBuildFile; fileRef = C25FF29425B8E13F00FFDCB7 /* movieViewController.swift */; };
		C25FF2AF25B8F34C00FFDCB7 /* listViewController.swift in Sources */ = {isa = PBXBuildFile; fileRef = C25FF2AE25B8F34C00FFDCB7 /* listViewController.swift */; };
		C25FF2F325B91E2F00FFDCB7 /* actorViewController.swift in Sources */ = {isa = PBXBuildFile; fileRef = C25FF2F225B91E2F00FFDCB7 /* actorViewController.swift */; };
		C27E445F25B88E1000345395 /* AppDelegate.swift in Sources */ = {isa = PBXBuildFile; fileRef = C27E445E25B88E1000345395 /* AppDelegate.swift */; };
		C27E446125B88E1000345395 /* SceneDelegate.swift in Sources */ = {isa = PBXBuildFile; fileRef = C27E446025B88E1000345395 /* SceneDelegate.swift */; };
		C27E446625B88E1000345395 /* Main.storyboard in Resources */ = {isa = PBXBuildFile; fileRef = C27E446425B88E1000345395 /* Main.storyboard */; };
		C27E446825B88E1100345395 /* Assets.xcassets in Resources */ = {isa = PBXBuildFile; fileRef = C27E446725B88E1100345395 /* Assets.xcassets */; };
		C27E446B25B88E1100345395 /* LaunchScreen.storyboard in Resources */ = {isa = PBXBuildFile; fileRef = C27E446925B88E1100345395 /* LaunchScreen.storyboard */; };
		C27E448225B89A3600345395 /* CollectionViewCell.swift in Sources */ = {isa = PBXBuildFile; fileRef = C27E448125B89A3600345395 /* CollectionViewCell.swift */; };
/* End PBXBuildFile section */

/* Begin PBXFileReference section */
		20C3F8F6B996588AC1B765B6 /* libPods-GhibliMovies.a */ = {isa = PBXFileReference; explicitFileType = archive.ar; includeInIndex = 0; path = "libPods-GhibliMovies.a"; sourceTree = BUILT_PRODUCTS_DIR; };
		95ACD4DA7D98E23DE02A2FD9 /* Pods-GhibliMovies.release.xcconfig */ = {isa = PBXFileReference; includeInIndex = 1; lastKnownFileType = text.xcconfig; name = "Pods-GhibliMovies.release.xcconfig"; path = "Target Support Files/Pods-GhibliMovies/Pods-GhibliMovies.release.xcconfig"; sourceTree = "<group>"; };
		C25FF29425B8E13F00FFDCB7 /* movieViewController.swift */ = {isa = PBXFileReference; lastKnownFileType = sourcecode.swift; path = movieViewController.swift; sourceTree = "<group>"; };
		C25FF2AE25B8F34C00FFDCB7 /* listViewController.swift */ = {isa = PBXFileReference; lastKnownFileType = sourcecode.swift; path = listViewController.swift; sourceTree = "<group>"; };
		C25FF2F225B91E2F00FFDCB7 /* actorViewController.swift */ = {isa = PBXFileReference; lastKnownFileType = sourcecode.swift; path = actorViewController.swift; sourceTree = "<group>"; };
		C27E445B25B88E1000345395 /* GhibliMovies.app */ = {isa = PBXFileReference; explicitFileType = wrapper.application; includeInIndex = 0; path = GhibliMovies.app; sourceTree = BUILT_PRODUCTS_DIR; };
		C27E445E25B88E1000345395 /* AppDelegate.swift */ = {isa = PBXFileReference; lastKnownFileType = sourcecode.swift; path = AppDelegate.swift; sourceTree = "<group>"; };
		C27E446025B88E1000345395 /* SceneDelegate.swift */ = {isa = PBXFileReference; lastKnownFileType = sourcecode.swift; path = SceneDelegate.swift; sourceTree = "<group>"; };
		C27E446525B88E1000345395 /* Base */ = {isa = PBXFileReference; lastKnownFileType = file.storyboard; name = Base; path = Base.lproj/Main.storyboard; sourceTree = "<group>"; };
		C27E446725B88E1100345395 /* Assets.xcassets */ = {isa = PBXFileReference; lastKnownFileType = folder.assetcatalog; path = Assets.xcassets; sourceTree = "<group>"; };
		C27E446A25B88E1100345395 /* Base */ = {isa = PBXFileReference; lastKnownFileType = file.storyboard; name = Base; path = Base.lproj/LaunchScreen.storyboard; sourceTree = "<group>"; };
		C27E446C25B88E1100345395 /* Info.plist */ = {isa = PBXFileReference; lastKnownFileType = text.plist.xml; path = Info.plist; sourceTree = "<group>"; };
		C27E448125B89A3600345395 /* CollectionViewCell.swift */ = {isa = PBXFileReference; lastKnownFileType = sourcecode.swift; path = CollectionViewCell.swift; sourceTree = "<group>"; };
		F093990378C1090A95CC3E3D /* Pods-GhibliMovies.debug.xcconfig */ = {isa = PBXFileReference; includeInIndex = 1; lastKnownFileType = text.xcconfig; name = "Pods-GhibliMovies.debug.xcconfig"; path = "Target Support Files/Pods-GhibliMovies/Pods-GhibliMovies.debug.xcconfig"; sourceTree = "<group>"; };
/* End PBXFileReference section */

/* Begin PBXFrameworksBuildPhase section */
		C27E445825B88E1000345395 /* Frameworks */ = {
			isa = PBXFrameworksBuildPhase;
			buildActionMask = 2147483647;
			files = (
				9631BB89653BABB40BD246E4 /* libPods-GhibliMovies.a in Frameworks */,
			);
			runOnlyForDeploymentPostprocessing = 0;
		};
/* End PBXFrameworksBuildPhase section */

/* Begin PBXGroup section */
		A591F897F904CC5CC26B2877 /* Frameworks */ = {
			isa = PBXGroup;
			children = (
				20C3F8F6B996588AC1B765B6 /* libPods-GhibliMovies.a */,
			);
			name = Frameworks;
			sourceTree = "<group>";
		};
		C27E445225B88E1000345395 = {
			isa = PBXGroup;
			children = (
				C27E445D25B88E1000345395 /* GhibliMovies */,
				C27E445C25B88E1000345395 /* Products */,
				DE03D307412D7C2819018008 /* Pods */,
				A591F897F904CC5CC26B2877 /* Frameworks */,
			);
			sourceTree = "<group>";
		};
		C27E445C25B88E1000345395 /* Products */ = {
			isa = PBXGroup;
			children = (
				C27E445B25B88E1000345395 /* GhibliMovies.app */,
			);
			name = Products;
			sourceTree = "<group>";
		};
		C27E445D25B88E1000345395 /* GhibliMovies */ = {
			isa = PBXGroup;
			children = (
				C27E445E25B88E1000345395 /* AppDelegate.swift */,
				C27E446025B88E1000345395 /* SceneDelegate.swift */,
				C25FF2AE25B8F34C00FFDCB7 /* listViewController.swift */,
				C27E448125B89A3600345395 /* CollectionViewCell.swift */,
				C25FF29425B8E13F00FFDCB7 /* movieViewController.swift */,
				C25FF2F225B91E2F00FFDCB7 /* actorViewController.swift */,
				C27E446425B88E1000345395 /* Main.storyboard */,
				C27E446725B88E1100345395 /* Assets.xcassets */,
				C27E446925B88E1100345395 /* LaunchScreen.storyboard */,
				C27E446C25B88E1100345395 /* Info.plist */,
			);
			path = GhibliMovies;
			sourceTree = "<group>";
		};
		DE03D307412D7C2819018008 /* Pods */ = {
			isa = PBXGroup;
			children = (
				F093990378C1090A95CC3E3D /* Pods-GhibliMovies.debug.xcconfig */,
				95ACD4DA7D98E23DE02A2FD9 /* Pods-GhibliMovies.release.xcconfig */,
			);
			path = Pods;
			sourceTree = "<group>";
		};
/* End PBXGroup section */

/* Begin PBXNativeTarget section */
		C27E445A25B88E1000345395 /* GhibliMovies */ = {
			isa = PBXNativeTarget;
			buildConfigurationList = C27E446F25B88E1100345395 /* Build configuration list for PBXNativeTarget "GhibliMovies" */;
			buildPhases = (
				D6D847432DA54B53D601D5A3 /* [CP] Check Pods Manifest.lock */,
				C27E445725B88E1000345395 /* Sources */,
				C27E445825B88E1000345395 /* Frameworks */,
				C27E445925B88E1000345395 /* Resources */,
			);
			buildRules = (
			);
			dependencies = (
			);
			name = GhibliMovies;
			productName = GhibliMovies;
			productReference = C27E445B25B88E1000345395 /* GhibliMovies.app */;
			productType = "com.apple.product-type.application";
		};
/* End PBXNativeTarget section */

/* Begin PBXProject section */
		C27E445325B88E1000345395 /* Project object */ = {
			isa = PBXProject;
			attributes = {
				LastSwiftUpdateCheck = 1230;
				LastUpgradeCheck = 1230;
				TargetAttributes = {
					C27E445A25B88E1000345395 = {
						CreatedOnToolsVersion = 12.3;
					};
				};
			};
			buildConfigurationList = C27E445625B88E1000345395 /* Build configuration list for PBXProject "GhibliMovies" */;
			compatibilityVersion = "Xcode 9.3";
			developmentRegion = en;
			hasScannedForEncodings = 0;
			knownRegions = (
				en,
				Base,
			);
			mainGroup = C27E445225B88E1000345395;
			productRefGroup = C27E445C25B88E1000345395 /* Products */;
			projectDirPath = "";
			projectRoot = "";
			targets = (
				C27E445A25B88E1000345395 /* GhibliMovies */,
			);
		};
/* End PBXProject section */

/* Begin PBXResourcesBuildPhase section */
		C27E445925B88E1000345395 /* Resources */ = {
			isa = PBXResourcesBuildPhase;
			buildActionMask = 2147483647;
			files = (
				C27E446B25B88E1100345395 /* LaunchScreen.storyboard in Resources */,
				C27E446825B88E1100345395 /* Assets.xcassets in Resources */,
				C27E446625B88E1000345395 /* Main.storyboard in Resources */,
			);
			runOnlyForDeploymentPostprocessing = 0;
		};
/* End PBXResourcesBuildPhase section */

/* Begin PBXShellScriptBuildPhase section */
		D6D847432DA54B53D601D5A3 /* [CP] Check Pods Manifest.lock */ = {
			isa = PBXShellScriptBuildPhase;
			buildActionMask = 2147483647;
			files = (
			);
			inputFileListPaths = (
			);
			inputPaths = (
				"${PODS_PODFILE_DIR_PATH}/Podfile.lock",
				"${PODS_ROOT}/Manifest.lock",
			);
			name = "[CP] Check Pods Manifest.lock";
			outputFileListPaths = (
			);
			outputPaths = (
				"$(DERIVED_FILE_DIR)/Pods-GhibliMovies-checkManifestLockResult.txt",
			);
			runOnlyForDeploymentPostprocessing = 0;
			shellPath = /bin/sh;
			shellScript = "diff \"${PODS_PODFILE_DIR_PATH}/Podfile.lock\" \"${PODS_ROOT}/Manifest.lock\" > /dev/null\nif [ $? != 0 ] ; then\n    # print error to STDERR\n    echo \"error: The sandbox is not in sync with the Podfile.lock. Run 'pod install' or update your CocoaPods installation.\" >&2\n    exit 1\nfi\n# This output is used by Xcode 'outputs' to avoid re-running this script phase.\necho \"SUCCESS\" > \"${SCRIPT_OUTPUT_FILE_0}\"\n";
			showEnvVarsInLog = 0;
		};
/* End PBXShellScriptBuildPhase section */

/* Begin PBXSourcesBuildPhase section */
		C27E445725B88E1000345395 /* Sources */ = {
			isa = PBXSourcesBuildPhase;
			buildActionMask = 2147483647;
			files = (
				C25FF2AF25B8F34C00FFDCB7 /* listViewController.swift in Sources */,
				C27E445F25B88E1000345395 /* AppDelegate.swift in Sources */,
				C25FF2F325B91E2F00FFDCB7 /* actorViewController.swift in Sources */,
				C25FF29525B8E13F00FFDCB7 /* movieViewController.swift in Sources */,
				C27E448225B89A3600345395 /* CollectionViewCell.swift in Sources */,
				C27E446125B88E1000345395 /* SceneDelegate.swift in Sources */,
			);
			runOnlyForDeploymentPostprocessing = 0;
		};
/* End PBXSourcesBuildPhase section */

/* Begin PBXVariantGroup section */
		C27E446425B88E1000345395 /* Main.storyboard */ = {
			isa = PBXVariantGroup;
			children = (
				C27E446525B88E1000345395 /* Base */,
			);
			name = Main.storyboard;
			sourceTree = "<group>";
		};
		C27E446925B88E1100345395 /* LaunchScreen.storyboard */ = {
			isa = PBXVariantGroup;
			children = (
				C27E446A25B88E1100345395 /* Base */,
			);
			name = LaunchScreen.storyboard;
			sourceTree = "<group>";
		};
/* End PBXVariantGroup section */

/* Begin XCBuildConfiguration section */
		C27E446D25B88E1100345395 /* Debug */ = {
			isa = XCBuildConfiguration;
			buildSettings = {
				ALWAYS_SEARCH_USER_PATHS = NO;
				CLANG_ANALYZER_NONNULL = YES;
				CLANG_ANALYZER_NUMBER_OBJECT_CONVERSION = YES_AGGRESSIVE;
				CLANG_CXX_LANGUAGE_STANDARD = "gnu++14";
				CLANG_CXX_LIBRARY = "libc++";
				CLANG_ENABLE_MODULES = YES;
				CLANG_ENABLE_OBJC_ARC = YES;
				CLANG_ENABLE_OBJC_WEAK = YES;
				CLANG_WARN_BLOCK_CAPTURE_AUTORELEASING = YES;
				CLANG_WARN_BOOL_CONVERSION = YES;
				CLANG_WARN_COMMA = YES;
				CLANG_WARN_CONSTANT_CONVERSION = YES;
				CLANG_WARN_DEPRECATED_OBJC_IMPLEMENTATIONS = YES;
				CLANG_WARN_DIRECT_OBJC_ISA_USAGE = YES_ERROR;
				CLANG_WARN_DOCUMENTATION_COMMENTS = YES;
				CLANG_WARN_EMPTY_BODY = YES;
				CLANG_WARN_ENUM_CONVERSION = YES;
				CLANG_WARN_INFINITE_RECURSION = YES;
				CLANG_WARN_INT_CONVERSION = YES;
				CLANG_WARN_NON_LITERAL_NULL_CONVERSION = YES;
				CLANG_WARN_OBJC_IMPLICIT_RETAIN_SELF = YES;
				CLANG_WARN_OBJC_LITERAL_CONVERSION = YES;
				CLANG_WARN_OBJC_ROOT_CLASS = YES_ERROR;
				CLANG_WARN_QUOTED_INCLUDE_IN_FRAMEWORK_HEADER = YES;
				CLANG_WARN_RANGE_LOOP_ANALYSIS = YES;
				CLANG_WARN_STRICT_PROTOTYPES = YES;
				CLANG_WARN_SUSPICIOUS_MOVE = YES;
				CLANG_WARN_UNGUARDED_AVAILABILITY = YES_AGGRESSIVE;
				CLANG_WARN_UNREACHABLE_CODE = YES;
				CLANG_WARN__DUPLICATE_METHOD_MATCH = YES;
				COPY_PHASE_STRIP = NO;
				DEBUG_INFORMATION_FORMAT = dwarf;
				ENABLE_STRICT_OBJC_MSGSEND = YES;
				ENABLE_TESTABILITY = YES;
				GCC_C_LANGUAGE_STANDARD = gnu11;
				GCC_DYNAMIC_NO_PIC = NO;
				GCC_NO_COMMON_BLOCKS = YES;
				GCC_OPTIMIZATION_LEVEL = 0;
				GCC_PREPROCESSOR_DEFINITIONS = (
					"DEBUG=1",
					"$(inherited)",
				);
				GCC_WARN_64_TO_32_BIT_CONVERSION = YES;
				GCC_WARN_ABOUT_RETURN_TYPE = YES_ERROR;
				GCC_WARN_UNDECLARED_SELECTOR = YES;
				GCC_WARN_UNINITIALIZED_AUTOS = YES_AGGRESSIVE;
				GCC_WARN_UNUSED_FUNCTION = YES;
				GCC_WARN_UNUSED_VARIABLE = YES;
				IPHONEOS_DEPLOYMENT_TARGET = 14.3;
				MTL_ENABLE_DEBUG_INFO = INCLUDE_SOURCE;
				MTL_FAST_MATH = YES;
				ONLY_ACTIVE_ARCH = YES;
				SDKROOT = iphoneos;
				SWIFT_ACTIVE_COMPILATION_CONDITIONS = DEBUG;
				SWIFT_OPTIMIZATION_LEVEL = "-Onone";
			};
			name = Debug;
		};
		C27E446E25B88E1100345395 /* Release */ = {
			isa = XCBuildConfiguration;
			buildSettings = {
				ALWAYS_SEARCH_USER_PATHS = NO;
				CLANG_ANALYZER_NONNULL = YES;
				CLANG_ANALYZER_NUMBER_OBJECT_CONVERSION = YES_AGGRESSIVE;
				CLANG_CXX_LANGUAGE_STANDARD = "gnu++14";
				CLANG_CXX_LIBRARY = "libc++";
				CLANG_ENABLE_MODULES = YES;
				CLANG_ENABLE_OBJC_ARC = YES;
				CLANG_ENABLE_OBJC_WEAK = YES;
				CLANG_WARN_BLOCK_CAPTURE_AUTORELEASING = YES;
				CLANG_WARN_BOOL_CONVERSION = YES;
				CLANG_WARN_COMMA = YES;
				CLANG_WARN_CONSTANT_CONVERSION = YES;
				CLANG_WARN_DEPRECATED_OBJC_IMPLEMENTATIONS = YES;
				CLANG_WARN_DIRECT_OBJC_ISA_USAGE = YES_ERROR;
				CLANG_WARN_DOCUMENTATION_COMMENTS = YES;
				CLANG_WARN_EMPTY_BODY = YES;
				CLANG_WARN_ENUM_CONVERSION = YES;
				CLANG_WARN_INFINITE_RECURSION = YES;
				CLANG_WARN_INT_CONVERSION = YES;
				CLANG_WARN_NON_LITERAL_NULL_CONVERSION = YES;
				CLANG_WARN_OBJC_IMPLICIT_RETAIN_SELF = YES;
				CLANG_WARN_OBJC_LITERAL_CONVERSION = YES;
				CLANG_WARN_OBJC_ROOT_CLASS = YES_ERROR;
				CLANG_WARN_QUOTED_INCLUDE_IN_FRAMEWORK_HEADER = YES;
				CLANG_WARN_RANGE_LOOP_ANALYSIS = YES;
				CLANG_WARN_STRICT_PROTOTYPES = YES;
				CLANG_WARN_SUSPICIOUS_MOVE = YES;
				CLANG_WARN_UNGUARDED_AVAILABILITY = YES_AGGRESSIVE;
				CLANG_WARN_UNREACHABLE_CODE = YES;
				CLANG_WARN__DUPLICATE_METHOD_MATCH = YES;
				COPY_PHASE_STRIP = NO;
				DEBUG_INFORMATION_FORMAT = "dwarf-with-dsym";
				ENABLE_NS_ASSERTIONS = NO;
				ENABLE_STRICT_OBJC_MSGSEND = YES;
				GCC_C_LANGUAGE_STANDARD = gnu11;
				GCC_NO_COMMON_BLOCKS = YES;
				GCC_WARN_64_TO_32_BIT_CONVERSION = YES;
				GCC_WARN_ABOUT_RETURN_TYPE = YES_ERROR;
				GCC_WARN_UNDECLARED_SELECTOR = YES;
				GCC_WARN_UNINITIALIZED_AUTOS = YES_AGGRESSIVE;
				GCC_WARN_UNUSED_FUNCTION = YES;
				GCC_WARN_UNUSED_VARIABLE = YES;
				IPHONEOS_DEPLOYMENT_TARGET = 14.3;
				MTL_ENABLE_DEBUG_INFO = NO;
				MTL_FAST_MATH = YES;
				SDKROOT = iphoneos;
				SWIFT_COMPILATION_MODE = wholemodule;
				SWIFT_OPTIMIZATION_LEVEL = "-O";
				VALIDATE_PRODUCT = YES;
			};
			name = Release;
		};
		C27E447025B88E1100345395 /* Debug */ = {
			isa = XCBuildConfiguration;
			baseConfigurationReference = F093990378C1090A95CC3E3D /* Pods-GhibliMovies.debug.xcconfig */;
			buildSettings = {
				ASSETCATALOG_COMPILER_APPICON_NAME = AppIcon;
				ASSETCATALOG_COMPILER_GLOBAL_ACCENT_COLOR_NAME = AccentColor;
				CODE_SIGN_STYLE = Automatic;
				INFOPLIST_FILE = GhibliMovies/Info.plist;
				LD_RUNPATH_SEARCH_PATHS = (
					"$(inherited)",
					"@executable_path/Frameworks",
				);
				PRODUCT_BUNDLE_IDENTIFIER = fr.bourcedric.GhibliMovies;
				PRODUCT_NAME = "$(TARGET_NAME)";
				SWIFT_VERSION = 5.0;
				TARGETED_DEVICE_FAMILY = "1,2";
			};
			name = Debug;
		};
		C27E447125B88E1100345395 /* Release */ = {
			isa = XCBuildConfiguration;
			baseConfigurationReference = 95ACD4DA7D98E23DE02A2FD9 /* Pods-GhibliMovies.release.xcconfig */;
			buildSettings = {
				ASSETCATALOG_COMPILER_APPICON_NAME = AppIcon;
				ASSETCATALOG_COMPILER_GLOBAL_ACCENT_COLOR_NAME = AccentColor;
				CODE_SIGN_STYLE = Automatic;
				INFOPLIST_FILE = GhibliMovies/Info.plist;
				LD_RUNPATH_SEARCH_PATHS = (
					"$(inherited)",
					"@executable_path/Frameworks",
				);
				PRODUCT_BUNDLE_IDENTIFIER = fr.bourcedric.GhibliMovies;
				PRODUCT_NAME = "$(TARGET_NAME)";
				SWIFT_VERSION = 5.0;
				TARGETED_DEVICE_FAMILY = "1,2";
			};
			name = Release;
		};
/* End XCBuildConfiguration section */

/* Begin XCConfigurationList section */
		C27E445625B88E1000345395 /* Build configuration list for PBXProject "GhibliMovies" */ = {
			isa = XCConfigurationList;
			buildConfigurations = (
				C27E446D25B88E1100345395 /* Debug */,
				C27E446E25B88E1100345395 /* Release */,
			);
			defaultConfigurationIsVisible = 0;
			defaultConfigurationName = Release;
		};
		C27E446F25B88E1100345395 /* Build configuration list for PBXNativeTarget "GhibliMovies" */ = {
			isa = XCConfigurationList;
			buildConfigurations = (
				C27E447025B88E1100345395 /* Debug */,
				C27E447125B88E1100345395 /* Release */,
			);
			defaultConfigurationIsVisible = 0;
			defaultConfigurationName = Release;
		};
/* End XCConfigurationList section */
	};
	rootObject = C27E445325B88E1000345395 /* Project object */;
}
